
Microsoft Visual Studio Solution File, Format Version 12.00
# Visual Studio 15
Project("{FAE04EC0-301F-11D3-BF4B-00C04F79EFBC}") = "Unity.XR.Interaction.Toolkit.Samples.StarterAssets", "Unity.XR.Interaction.Toolkit.Samples.StarterAssets.csproj", "{191366EB-5842-0305-7BC4-DC40AB2E6DCC}"
EndProject
Project("{FAE04EC0-301F-11D3-BF4B-00C04F79EFBC}") = "Assembly-CSharp", "Assembly-CSharp.csproj", "{0DCF8A51-EC8F-E768-B76D-FA3977B6ED2B}"
EndProject
Project("{FAE04EC0-301F-11D3-BF4B-00C04F79EFBC}") = "Unity.XR.Interaction.Toolkit.Samples.StarterAssets.Editor", "Unity.XR.Interaction.Toolkit.Samples.StarterAssets.Editor.csproj", "{CED6A196-83D2-5D38-16B6-52AEAE43DB3E}"
EndProject
Global
	GlobalSection(SolutionConfigurationPlatforms) = preSolution
		Debug|Any CPU = Debug|Any CPU
		Release|Any CPU = Release|Any CPU
	EndGlobalSection
	GlobalSection(ProjectConfigurationPlatforms) = postSolution
		{191366EB-5842-0305-7BC4-DC40AB2E6DCC}.Debug|Any CPU.ActiveCfg = Debug|Any CPU
		{191366EB-5842-0305-7BC4-DC40AB2E6DCC}.Debug|Any CPU.Build.0 = Debug|Any CPU
		{191366EB-5842-0305-7BC4-DC40AB2E6DCC}.Release|Any CPU.ActiveCfg = Release|Any CPU
		{191366EB-5842-0305-7BC4-DC40AB2E6DCC}.Release|Any CPU.Build.0 = Release|Any CPU
		{0DCF8A51-EC8F-E768-B76D-FA3977B6ED2B}.Debug|Any CPU.ActiveCfg = Debug|Any CPU
		{0DCF8A51-EC8F-E768-B76D-FA3977B6ED2B}.Debug|Any CPU.Build.0 = Debug|Any CPU
		{0DCF8A51-EC8F-E768-B76D-FA3977B6ED2B}.Release|Any CPU.ActiveCfg = Release|Any CPU
		{0DCF8A51-EC8F-E768-B76D-FA3977B6ED2B}.Release|Any CPU.Build.0 = Release|Any CPU
		{CED6A196-83D2-5D38-16B6-52AEAE43DB3E}.Debug|Any CPU.ActiveCfg = Debug|Any CPU
		{CED6A196-83D2-5D38-16B6-52AEAE43DB3E}.Debug|Any CPU.Build.0 = Debug|Any CPU
		{CED6A196-83D2-5D38-16B6-52AEAE43DB3E}.Release|Any CPU.ActiveCfg = Release|Any CPU
		{CED6A196-83D2-5D38-16B6-52AEAE43DB3E}.Release|Any CPU.Build.0 = Release|Any CPU
	EndGlobalSection
	GlobalSection(SolutionProperties) = preSolution
		HideSolutionNode = FALSE
	EndGlobalSection
EndGlobal
